Microsoft Visual Studio Solution File, Format Version 12.00
# Visual Studio 2012
Project("{FAE04EC0-301F-11D3-BF4B-00C04F79EFBC}") = "Goblin Mayhem TD", "Goblin Mayhem TD.csproj", "{C14E3257-56FC-4CD2-9878-92BB8A2D6FFB}"
EndProject
Global
	GlobalSection(SolutionConfigurationPlatforms) = preSolution
	Debug|Any CPU = Debug|Any CPU
	ExportDebug|Any CPU = ExportDebug|Any CPU
	ExportRelease|Any CPU = ExportRelease|Any CPU
	EndGlobalSection
	GlobalSection(ProjectConfigurationPlatforms) = postSolution
		{C14E3257-56FC-4CD2-9878-92BB8A2D6FFB}.Debug|Any CPU.ActiveCfg = Debug|Any CPU
		{C14E3257-56FC-4CD2-9878-92BB8A2D6FFB}.Debug|Any CPU.Build.0 = Debug|Any CPU
		{C14E3257-56FC-4CD2-9878-92BB8A2D6FFB}.ExportDebug|Any CPU.ActiveCfg = ExportDebug|Any CPU
		{C14E3257-56FC-4CD2-9878-92BB8A2D6FFB}.ExportDebug|Any CPU.Build.0 = ExportDebug|Any CPU
		{C14E3257-56FC-4CD2-9878-92BB8A2D6FFB}.ExportRelease|Any CPU.ActiveCfg = ExportRelease|Any CPU
		{C14E3257-56FC-4CD2-9878-92BB8A2D6FFB}.ExportRelease|Any CPU.Build.0 = ExportRelease|Any CPU
	EndGlobalSection
EndGlobal
